
Microsoft Visual Studio Solution File, Format Version 12.00
# Visual Studio Version 16
VisualStudioVersion = 16.0.30413.136
MinimumVisualStudioVersion = 10.0.40219.1
Project("{8BC9CEB8-8B4A-11D0-8D11-00A0C91BC942}") = "assert", "assert\assert.vcxproj", "{4DF98709-5D80-41E7-B6E4-894E0519C9EB}"
EndProject
Project("{8BC9CEB8-8B4A-11D0-8D11-00A0C91BC942}") = "noexcept", "noexcept\noexcept.vcxproj", "{0D90F324-A0CA-4DDB-8DC3-6832C2DDFB27}"
EndProject
Project("{8BC9CEB8-8B4A-11D0-8D11-00A0C91BC942}") = "noexcept_2", "noexcept_2\noexcept_2.vcxproj", "{F38AE754-EB53-42F3-B6C2-EC7830D8A3C3}"
EndProject
Project("{8BC9CEB8-8B4A-11D0-8D11-00A0C91BC942}") = "sizeof", "sizeof\sizeof.vcxproj", "{81232F62-B493-4032-9D2F-159889DE1C26}"
EndProject
Project("{8BC9CEB8-8B4A-11D0-8D11-00A0C91BC942}") = "Minminze_compilation_dependencies_between_files", "Minminze_compilation_dependencies_between_files\Minminze_compilation_dependencies_between_files.vcxproj", "{E2DC69A2-69DB-4CB0-9BE3-B359032E538C}"
EndProject
Project("{8BC9CEB8-8B4A-11D0-8D11-00A0C91BC942}") = "template_friend", "template_friend\template_friend.vcxproj", "{07393E2D-794E-4003-AD15-3C0B404EF23C}"
EndProject
Project("{8BC9CEB8-8B4A-11D0-8D11-00A0C91BC942}") = "template_friend_2", "template_friend_2\template_friend_2.vcxproj", "{78B657F2-6365-40B1-AD0F-1D6D971CFCB7}"
EndProject
Project("{8BC9CEB8-8B4A-11D0-8D11-00A0C91BC942}") = "template_extern", "template_extern\template_extern.vcxproj", "{CC19BDAD-D73F-4442-AB3A-38269B6445A4}"
EndProject
Project("{8BC9CEB8-8B4A-11D0-8D11-00A0C91BC942}") = "construct_delegate", "construct_delegate\construct_delegate.vcxproj", "{55B39D44-CABE-48BC-9D22-0C8179B947F7}"
EndProject
Project("{8BC9CEB8-8B4A-11D0-8D11-00A0C91BC942}") = "thread_test", "thread_test\thread_test.vcxproj", "{76841B77-8716-4B2E-B792-66A00FE8161C}"
EndProject
Project("{8BC9CEB8-8B4A-11D0-8D11-00A0C91BC942}") = "move_constructed", "move_constructed\move_constructed.vcxproj", "{95F75F64-F78F-4723-BB5D-20C0940570B2}"
EndProject
Project("{8BC9CEB8-8B4A-11D0-8D11-00A0C91BC942}") = "impl", "impl\impl.vcxproj", "{31F5B2DB-356A-4198-964C-C8A4367FB3B4}"
EndProject
Project("{8BC9CEB8-8B4A-11D0-8D11-00A0C91BC942}") = "iterate_move", "iterate_move\iterate_move.vcxproj", "{0F4FF9DA-3C4F-411B-92D7-02BE25F0C3B3}"
EndProject
Project("{8BC9CEB8-8B4A-11D0-8D11-00A0C91BC942}") = "move_if_noexcept", "move_if_noexcept\move_if_noexcept.vcxproj", "{8A4BD611-6B2C-43BC-A654-C2555956E33F}"
EndProject
Project("{8BC9CEB8-8B4A-11D0-8D11-00A0C91BC942}") = "forward", "forward\forward.vcxproj", "{4D6215A3-5D21-4E69-AD61-1A3D23C0B93E}"
EndProject
Project("{8BC9CEB8-8B4A-11D0-8D11-00A0C91BC942}") = "forward_2", "forward_2\forward_2.vcxproj", "{82B12EC6-CC7F-43F6-B8DE-8DAFA4C615EB}"
EndProject
Global
	GlobalSection(SolutionConfigurationPlatforms) = preSolution
		Debug|x64 = Debug|x64
		Debug|x86 = Debug|x86
		Release|x64 = Release|x64
		Release|x86 = Release|x86
	EndGlobalSection
	GlobalSection(ProjectConfigurationPlatforms) = postSolution
		{4DF98709-5D80-41E7-B6E4-894E0519C9EB}.Debug|x64.ActiveCfg = Debug|x64
		{4DF98709-5D80-41E7-B6E4-894E0519C9EB}.Debug|x64.Build.0 = Debug|x64
		{4DF98709-5D80-41E7-B6E4-894E0519C9EB}.Debug|x86.ActiveCfg = Debug|Win32
		{4DF98709-5D80-41E7-B6E4-894E0519C9EB}.Debug|x86.Build.0 = Debug|Win32
		{4DF98709-5D80-41E7-B6E4-894E0519C9EB}.Release|x64.ActiveCfg = Release|x64
		{4DF98709-5D80-41E7-B6E4-894E0519C9EB}.Release|x64.Build.0 = Release|x64
		{4DF98709-5D80-41E7-B6E4-894E0519C9EB}.Release|x86.ActiveCfg = Release|Win32
		{4DF98709-5D80-41E7-B6E4-894E0519C9EB}.Release|x86.Build.0 = Release|Win32
		{0D90F324-A0CA-4DDB-8DC3-6832C2DDFB27}.Debug|x64.ActiveCfg = Debug|x64
		{0D90F324-A0CA-4DDB-8DC3-6832C2DDFB27}.Debug|x64.Build.0 = Debug|x64
		{0D90F324-A0CA-4DDB-8DC3-6832C2DDFB27}.Debug|x86.ActiveCfg = Debug|Win32
		{0D90F324-A0CA-4DDB-8DC3-6832C2DDFB27}.Debug|x86.Build.0 = Debug|Win32
		{0D90F324-A0CA-4DDB-8DC3-6832C2DDFB27}.Release|x64.ActiveCfg = Release|x64
		{0D90F324-A0CA-4DDB-8DC3-6832C2DDFB27}.Release|x64.Build.0 = Release|x64
		{0D90F324-A0CA-4DDB-8DC3-6832C2DDFB27}.Release|x86.ActiveCfg = Release|Win32
		{0D90F324-A0CA-4DDB-8DC3-6832C2DDFB27}.Release|x86.Build.0 = Release|Win32
		{F38AE754-EB53-42F3-B6C2-EC7830D8A3C3}.Debug|x64.ActiveCfg = Debug|x64
		{F38AE754-EB53-42F3-B6C2-EC7830D8A3C3}.Debug|x64.Build.0 = Debug|x64
		{F38AE754-EB53-42F3-B6C2-EC7830D8A3C3}.Debug|x86.ActiveCfg = Debug|Win32
		{F38AE754-EB53-42F3-B6C2-EC7830D8A3C3}.Debug|x86.Build.0 = Debug|Win32
		{F38AE754-EB53-42F3-B6C2-EC7830D8A3C3}.Release|x64.ActiveCfg = Release|x64
		{F38AE754-EB53-42F3-B6C2-EC7830D8A3C3}.Release|x64.Build.0 = Release|x64
		{F38AE754-EB53-42F3-B6C2-EC7830D8A3C3}.Release|x86.ActiveCfg = Release|Win32
		{F38AE754-EB53-42F3-B6C2-EC7830D8A3C3}.Release|x86.Build.0 = Release|Win32
		{81232F62-B493-4032-9D2F-159889DE1C26}.Debug|x64.ActiveCfg = Debug|x64
		{81232F62-B493-4032-9D2F-159889DE1C26}.Debug|x64.Build.0 = Debug|x64
		{81232F62-B493-4032-9D2F-159889DE1C26}.Debug|x86.ActiveCfg = Debug|Win32
		{81232F62-B493-4032-9D2F-159889DE1C26}.Debug|x86.Build.0 = Debug|Win32
		{81232F62-B493-4032-9D2F-159889DE1C26}.Release|x64.ActiveCfg = Release|x64
		{81232F62-B493-4032-9D2F-159889DE1C26}.Release|x64.Build.0 = Release|x64
		{81232F62-B493-4032-9D2F-159889DE1C26}.Release|x86.ActiveCfg = Release|Win32
		{81232F62-B493-4032-9D2F-159889DE1C26}.Release|x86.Build.0 = Release|Win32
		{E2DC69A2-69DB-4CB0-9BE3-B359032E538C}.Debug|x64.ActiveCfg = Debug|x64
		{E2DC69A2-69DB-4CB0-9BE3-B359032E538C}.Debug|x64.Build.0 = Debug|x64
		{E2DC69A2-69DB-4CB0-9BE3-B359032E538C}.Debug|x86.ActiveCfg = Debug|Win32
		{E2DC69A2-69DB-4CB0-9BE3-B359032E538C}.Debug|x86.Build.0 = Debug|Win32
		{E2DC69A2-69DB-4CB0-9BE3-B359032E538C}.Release|x64.ActiveCfg = Release|x64
		{E2DC69A2-69DB-4CB0-9BE3-B359032E538C}.Release|x64.Build.0 = Release|x64
		{E2DC69A2-69DB-4CB0-9BE3-B359032E538C}.Release|x86.ActiveCfg = Release|Win32
		{E2DC69A2-69DB-4CB0-9BE3-B359032E538C}.Release|x86.Build.0 = Release|Win32
		{07393E2D-794E-4003-AD15-3C0B404EF23C}.Debug|x64.ActiveCfg = Debug|x64
		{07393E2D-794E-4003-AD15-3C0B404EF23C}.Debug|x64.Build.0 = Debug|x64
		{07393E2D-794E-4003-AD15-3C0B404EF23C}.Debug|x86.ActiveCfg = Debug|Win32
		{07393E2D-794E-4003-AD15-3C0B404EF23C}.Debug|x86.Build.0 = Debug|Win32
		{07393E2D-794E-4003-AD15-3C0B404EF23C}.Release|x64.ActiveCfg = Release|x64
		{07393E2D-794E-4003-AD15-3C0B404EF23C}.Release|x64.Build.0 = Release|x64
		{07393E2D-794E-4003-AD15-3C0B404EF23C}.Release|x86.ActiveCfg = Release|Win32
		{07393E2D-794E-4003-AD15-3C0B404EF23C}.Release|x86.Build.0 = Release|Win32
		{78B657F2-6365-40B1-AD0F-1D6D971CFCB7}.Debug|x64.ActiveCfg = Debug|x64
		{78B657F2-6365-40B1-AD0F-1D6D971CFCB7}.Debug|x64.Build.0 = Debug|x64
		{78B657F2-6365-40B1-AD0F-1D6D971CFCB7}.Debug|x86.ActiveCfg = Debug|Win32
		{78B657F2-6365-40B1-AD0F-1D6D971CFCB7}.Debug|x86.Build.0 = Debug|Win32
		{78B657F2-6365-40B1-AD0F-1D6D971CFCB7}.Release|x64.ActiveCfg = Release|x64
		{78B657F2-6365-40B1-AD0F-1D6D971CFCB7}.Release|x64.Build.0 = Release|x64
		{78B657F2-6365-40B1-AD0F-1D6D971CFCB7}.Release|x86.ActiveCfg = Release|Win32
		{78B657F2-6365-40B1-AD0F-1D6D971CFCB7}.Release|x86.Build.0 = Release|Win32
		{CC19BDAD-D73F-4442-AB3A-38269B6445A4}.Debug|x64.ActiveCfg = Debug|x64
		{CC19BDAD-D73F-4442-AB3A-38269B6445A4}.Debug|x64.Build.0 = Debug|x64
		{CC19BDAD-D73F-4442-AB3A-38269B6445A4}.Debug|x86.ActiveCfg = Debug|Win32
		{CC19BDAD-D73F-4442-AB3A-38269B6445A4}.Debug|x86.Build.0 = Debug|Win32
		{CC19BDAD-D73F-4442-AB3A-38269B6445A4}.Release|x64.ActiveCfg = Release|x64
		{CC19BDAD-D73F-4442-AB3A-38269B6445A4}.Release|x64.Build.0 = Release|x64
		{CC19BDAD-D73F-4442-AB3A-38269B6445A4}.Release|x86.ActiveCfg = Release|Win32
		{CC19BDAD-D73F-4442-AB3A-38269B6445A4}.Release|x86.Build.0 = Release|Win32
		{55B39D44-CABE-48BC-9D22-0C8179B947F7}.Debug|x64.ActiveCfg = Debug|x64
		{55B39D44-CABE-48BC-9D22-0C8179B947F7}.Debug|x64.Build.0 = Debug|x64
		{55B39D44-CABE-48BC-9D22-0C8179B947F7}.Debug|x86.ActiveCfg = Debug|Win32
		{55B39D44-CABE-48BC-9D22-0C8179B947F7}.Debug|x86.Build.0 = Debug|Win32
		{55B39D44-CABE-48BC-9D22-0C8179B947F7}.Release|x64.ActiveCfg = Release|x64
		{55B39D44-CABE-48BC-9D22-0C8179B947F7}.Release|x64.Build.0 = Release|x64
		{55B39D44-CABE-48BC-9D22-0C8179B947F7}.Release|x86.ActiveCfg = Release|Win32
		{55B39D44-CABE-48BC-9D22-0C8179B947F7}.Release|x86.Build.0 = Release|Win32
		{76841B77-8716-4B2E-B792-66A00FE8161C}.Debug|x64.ActiveCfg = Debug|x64
		{76841B77-8716-4B2E-B792-66A00FE8161C}.Debug|x64.Build.0 = Debug|x64
		{76841B77-8716-4B2E-B792-66A00FE8161C}.Debug|x86.ActiveCfg = Debug|Win32
		{76841B77-8716-4B2E-B792-66A00FE8161C}.Debug|x86.Build.0 = Debug|Win32
		{76841B77-8716-4B2E-B792-66A00FE8161C}.Release|x64.ActiveCfg = Release|x64
		{76841B77-8716-4B2E-B792-66A00FE8161C}.Release|x64.Build.0 = Release|x64
		{76841B77-8716-4B2E-B792-66A00FE8161C}.Release|x86.ActiveCfg = Release|Win32
		{76841B77-8716-4B2E-B792-66A00FE8161C}.Release|x86.Build.0 = Release|Win32
		{95F75F64-F78F-4723-BB5D-20C0940570B2}.Debug|x64.ActiveCfg = Debug|x64
		{95F75F64-F78F-4723-BB5D-20C0940570B2}.Debug|x64.Build.0 = Debug|x64
		{95F75F64-F78F-4723-BB5D-20C0940570B2}.Debug|x86.ActiveCfg = Debug|Win32
		{95F75F64-F78F-4723-BB5D-20C0940570B2}.Debug|x86.Build.0 = Debug|Win32
		{95F75F64-F78F-4723-BB5D-20C0940570B2}.Release|x64.ActiveCfg = Release|x64
		{95F75F64-F78F-4723-BB5D-20C0940570B2}.Release|x64.Build.0 = Release|x64
		{95F75F64-F78F-4723-BB5D-20C0940570B2}.Release|x86.ActiveCfg = Release|Win32
		{95F75F64-F78F-4723-BB5D-20C0940570B2}.Release|x86.Build.0 = Release|Win32
		{31F5B2DB-356A-4198-964C-C8A4367FB3B4}.Debug|x64.ActiveCfg = Debug|x64
		{31F5B2DB-356A-4198-964C-C8A4367FB3B4}.Debug|x64.Build.0 = Debug|x64
		{31F5B2DB-356A-4198-964C-C8A4367FB3B4}.Debug|x86.ActiveCfg = Debug|Win32
		{31F5B2DB-356A-4198-964C-C8A4367FB3B4}.Debug|x86.Build.0 = Debug|Win32
		{31F5B2DB-356A-4198-964C-C8A4367FB3B4}.Release|x64.ActiveCfg = Release|x64
		{31F5B2DB-356A-4198-964C-C8A4367FB3B4}.Release|x64.Build.0 = Release|x64
		{31F5B2DB-356A-4198-964C-C8A4367FB3B4}.Release|x86.ActiveCfg = Release|Win32
		{31F5B2DB-356A-4198-964C-C8A4367FB3B4}.Release|x86.Build.0 = Release|Win32
		{0F4FF9DA-3C4F-411B-92D7-02BE25F0C3B3}.Debug|x64.ActiveCfg = Debug|x64
		{0F4FF9DA-3C4F-411B-92D7-02BE25F0C3B3}.Debug|x64.Build.0 = Debug|x64
		{0F4FF9DA-3C4F-411B-92D7-02BE25F0C3B3}.Debug|x86.ActiveCfg = Debug|Win32
		{0F4FF9DA-3C4F-411B-92D7-02BE25F0C3B3}.Debug|x86.Build.0 = Debug|Win32
		{0F4FF9DA-3C4F-411B-92D7-02BE25F0C3B3}.Release|x64.ActiveCfg = Release|x64
		{0F4FF9DA-3C4F-411B-92D7-02BE25F0C3B3}.Release|x64.Build.0 = Release|x64
		{0F4FF9DA-3C4F-411B-92D7-02BE25F0C3B3}.Release|x86.ActiveCfg = Release|Win32
		{0F4FF9DA-3C4F-411B-92D7-02BE25F0C3B3}.Release|x86.Build.0 = Release|Win32
		{8A4BD611-6B2C-43BC-A654-C2555956E33F}.Debug|x64.ActiveCfg = Debug|x64
		{8A4BD611-6B2C-43BC-A654-C2555956E33F}.Debug|x64.Build.0 = Debug|x64
		{8A4BD611-6B2C-43BC-A654-C2555956E33F}.Debug|x86.ActiveCfg = Debug|Win32
		{8A4BD611-6B2C-43BC-A654-C2555956E33F}.Debug|x86.Build.0 = Debug|Win32
		{8A4BD611-6B2C-43BC-A654-C2555956E33F}.Release|x64.ActiveCfg = Release|x64
		{8A4BD611-6B2C-43BC-A654-C2555956E33F}.Release|x64.Build.0 = Release|x64
		{8A4BD611-6B2C-43BC-A654-C2555956E33F}.Release|x86.ActiveCfg = Release|Win32
		{8A4BD611-6B2C-43BC-A654-C2555956E33F}.Release|x86.Build.0 = Release|Win32
		{4D6215A3-5D21-4E69-AD61-1A3D23C0B93E}.Debug|x64.ActiveCfg = Debug|x64
		{4D6215A3-5D21-4E69-AD61-1A3D23C0B93E}.Debug|x64.Build.0 = Debug|x64
		{4D6215A3-5D21-4E69-AD61-1A3D23C0B93E}.Debug|x86.ActiveCfg = Debug|Win32
		{4D6215A3-5D21-4E69-AD61-1A3D23C0B93E}.Debug|x86.Build.0 = Debug|Win32
		{4D6215A3-5D21-4E69-AD61-1A3D23C0B93E}.Release|x64.ActiveCfg = Release|x64
		{4D6215A3-5D21-4E69-AD61-1A3D23C0B93E}.Release|x64.Build.0 = Release|x64
		{4D6215A3-5D21-4E69-AD61-1A3D23C0B93E}.Release|x86.ActiveCfg = Release|Win32
		{4D6215A3-5D21-4E69-AD61-1A3D23C0B93E}.Release|x86.Build.0 = Release|Win32
		{82B12EC6-CC7F-43F6-B8DE-8DAFA4C615EB}.Debug|x64.ActiveCfg = Debug|x64
		{82B12EC6-CC7F-43F6-B8DE-8DAFA4C615EB}.Debug|x64.Build.0 = Debug|x64
		{82B12EC6-CC7F-43F6-B8DE-8DAFA4C615EB}.Debug|x86.ActiveCfg = Debug|Win32
		{82B12EC6-CC7F-43F6-B8DE-8DAFA4C615EB}.Debug|x86.Build.0 = Debug|Win32
		{82B12EC6-CC7F-43F6-B8DE-8DAFA4C615EB}.Release|x64.ActiveCfg = Release|x64
		{82B12EC6-CC7F-43F6-B8DE-8DAFA4C615EB}.Release|x64.Build.0 = Release|x64
		{82B12EC6-CC7F-43F6-B8DE-8DAFA4C615EB}.Release|x86.ActiveCfg = Release|Win32
		{82B12EC6-CC7F-43F6-B8DE-8DAFA4C615EB}.Release|x86.Build.0 = Release|Win32
	EndGlobalSection
	GlobalSection(SolutionProperties) = preSolution
		HideSolutionNode = FALSE
	EndGlobalSection
	GlobalSection(ExtensibilityGlobals) = postSolution
		SolutionGuid = {AA1FE532-8819-439B-8310-EFE11C00D1A9}
	EndGlobalSection
EndGlobal
