
Microsoft Visual Studio Solution File, Format Version 12.00
# Visual Studio Version 16
VisualStudioVersion = 16.0.30413.136
MinimumVisualStudioVersion = 10.0.40219.1
Project("{8BC9CEB8-8B4A-11D0-8D11-00A0C91BC942}") = "assert", "assert\assert.vcxproj", "{4DF98709-5D80-41E7-B6E4-894E0519C9EB}"
EndProject
Project("{8BC9CEB8-8B4A-11D0-8D11-00A0C91BC942}") = "noexcept", "noexcept\noexcept.vcxproj", "{0D90F324-A0CA-4DDB-8DC3-6832C2DDFB27}"
EndProject
Project("{8BC9CEB8-8B4A-11D0-8D11-00A0C91BC942}") = "noexcept_2", "noexcept_2\noexcept_2.vcxproj", "{F38AE754-EB53-42F3-B6C2-EC7830D8A3C3}"
EndProject
Project("{8BC9CEB8-8B4A-11D0-8D11-00A0C91BC942}") = "sizeof", "sizeof\sizeof.vcxproj", "{81232F62-B493-4032-9D2F-159889DE1C26}"
EndProject
Project("{8BC9CEB8-8B4A-11D0-8D11-00A0C91BC942}") = "Minminze_compilation_dependencies_between_files", "Minminze_compilation_dependencies_between_files\Minminze_compilation_dependencies_between_files.vcxproj", "{E2DC69A2-69DB-4CB0-9BE3-B359032E538C}"
EndProject
Global
	GlobalSection(SolutionConfigurationPlatforms) = preSolution
		Debug|x64 = Debug|x64
		Debug|x86 = Debug|x86
		Release|x64 = Release|x64
		Release|x86 = Release|x86
	EndGlobalSection
	GlobalSection(ProjectConfigurationPlatforms) = postSolution
		{4DF98709-5D80-41E7-B6E4-894E0519C9EB}.Debug|x64.ActiveCfg = Debug|x64
		{4DF98709-5D80-41E7-B6E4-894E0519C9EB}.Debug|x64.Build.0 = Debug|x64
		{4DF98709-5D80-41E7-B6E4-894E0519C9EB}.Debug|x86.ActiveCfg = Debug|Win32
		{4DF98709-5D80-41E7-B6E4-894E0519C9EB}.Debug|x86.Build.0 = Debug|Win32
		{4DF98709-5D80-41E7-B6E4-894E0519C9EB}.Release|x64.ActiveCfg = Release|x64
		{4DF98709-5D80-41E7-B6E4-894E0519C9EB}.Release|x64.Build.0 = Release|x64
		{4DF98709-5D80-41E7-B6E4-894E0519C9EB}.Release|x86.ActiveCfg = Release|Win32
		{4DF98709-5D80-41E7-B6E4-894E0519C9EB}.Release|x86.Build.0 = Release|Win32
		{0D90F324-A0CA-4DDB-8DC3-6832C2DDFB27}.Debug|x64.ActiveCfg = Debug|x64
		{0D90F324-A0CA-4DDB-8DC3-6832C2DDFB27}.Debug|x64.Build.0 = Debug|x64
		{0D90F324-A0CA-4DDB-8DC3-6832C2DDFB27}.Debug|x86.ActiveCfg = Debug|Win32
		{0D90F324-A0CA-4DDB-8DC3-6832C2DDFB27}.Debug|x86.Build.0 = Debug|Win32
		{0D90F324-A0CA-4DDB-8DC3-6832C2DDFB27}.Release|x64.ActiveCfg = Release|x64
		{0D90F324-A0CA-4DDB-8DC3-6832C2DDFB27}.Release|x64.Build.0 = Release|x64
		{0D90F324-A0CA-4DDB-8DC3-6832C2DDFB27}.Release|x86.ActiveCfg = Release|Win32
		{0D90F324-A0CA-4DDB-8DC3-6832C2DDFB27}.Release|x86.Build.0 = Release|Win32
		{F38AE754-EB53-42F3-B6C2-EC7830D8A3C3}.Debug|x64.ActiveCfg = Debug|x64
		{F38AE754-EB53-42F3-B6C2-EC7830D8A3C3}.Debug|x64.Build.0 = Debug|x64
		{F38AE754-EB53-42F3-B6C2-EC7830D8A3C3}.Debug|x86.ActiveCfg = Debug|Win32
		{F38AE754-EB53-42F3-B6C2-EC7830D8A3C3}.Debug|x86.Build.0 = Debug|Win32
		{F38AE754-EB53-42F3-B6C2-EC7830D8A3C3}.Release|x64.ActiveCfg = Release|x64
		{F38AE754-EB53-42F3-B6C2-EC7830D8A3C3}.Release|x64.Build.0 = Release|x64
		{F38AE754-EB53-42F3-B6C2-EC7830D8A3C3}.Release|x86.ActiveCfg = Release|Win32
		{F38AE754-EB53-42F3-B6C2-EC7830D8A3C3}.Release|x86.Build.0 = Release|Win32
		{81232F62-B493-4032-9D2F-159889DE1C26}.Debug|x64.ActiveCfg = Debug|x64
		{81232F62-B493-4032-9D2F-159889DE1C26}.Debug|x64.Build.0 = Debug|x64
		{81232F62-B493-4032-9D2F-159889DE1C26}.Debug|x86.ActiveCfg = Debug|Win32
		{81232F62-B493-4032-9D2F-159889DE1C26}.Debug|x86.Build.0 = Debug|Win32
		{81232F62-B493-4032-9D2F-159889DE1C26}.Release|x64.ActiveCfg = Release|x64
		{81232F62-B493-4032-9D2F-159889DE1C26}.Release|x64.Build.0 = Release|x64
		{81232F62-B493-4032-9D2F-159889DE1C26}.Release|x86.ActiveCfg = Release|Win32
		{81232F62-B493-4032-9D2F-159889DE1C26}.Release|x86.Build.0 = Release|Win32
		{E2DC69A2-69DB-4CB0-9BE3-B359032E538C}.Debug|x64.ActiveCfg = Debug|x64
		{E2DC69A2-69DB-4CB0-9BE3-B359032E538C}.Debug|x64.Build.0 = Debug|x64
		{E2DC69A2-69DB-4CB0-9BE3-B359032E538C}.Debug|x86.ActiveCfg = Debug|Win32
		{E2DC69A2-69DB-4CB0-9BE3-B359032E538C}.Debug|x86.Build.0 = Debug|Win32
		{E2DC69A2-69DB-4CB0-9BE3-B359032E538C}.Release|x64.ActiveCfg = Release|x64
		{E2DC69A2-69DB-4CB0-9BE3-B359032E538C}.Release|x64.Build.0 = Release|x64
		{E2DC69A2-69DB-4CB0-9BE3-B359032E538C}.Release|x86.ActiveCfg = Release|Win32
		{E2DC69A2-69DB-4CB0-9BE3-B359032E538C}.Release|x86.Build.0 = Release|Win32
	EndGlobalSection
	GlobalSection(SolutionProperties) = preSolution
		HideSolutionNode = FALSE
	EndGlobalSection
	GlobalSection(ExtensibilityGlobals) = postSolution
		SolutionGuid = {AA1FE532-8819-439B-8310-EFE11C00D1A9}
	EndGlobalSection
EndGlobal
